// !$*UTF8*$!
{
	archiveVersion = 1;
	classes = {
	};
	objectVersion = 55;
	objects = {

/* Begin PBXBuildFile section */
		20A7DD54F1902A5E9B5D6879 /* Pods_CXToolKit.framework in Frameworks */ = {isa = PBXBuildFile; fileRef = 669C56B4250B287EB5ECA8CA /* Pods_CXToolKit.framework */; };
		56159EBE2907E3AF0084275F /* UIColorUtils.swift in Sources */ = {isa = PBXBuildFile; fileRef = 56159EBD2907E3AF0084275F /* UIColorUtils.swift */; };
		56161FCC28E6EA3B0053D759 /* UIImageUtils.swift in Sources */ = {isa = PBXBuildFile; fileRef = 56161FCB28E6EA3B0053D759 /* UIImageUtils.swift */; };
		567A017228E2EF8C00965B2E /* AppDelegate.swift in Sources */ = {isa = PBXBuildFile; fileRef = 567A017128E2EF8C00965B2E /* AppDelegate.swift */; };
		567A017428E2EF8C00965B2E /* SceneDelegate.swift in Sources */ = {isa = PBXBuildFile; fileRef = 567A017328E2EF8C00965B2E /* SceneDelegate.swift */; };
		567A017628E2EF8C00965B2E /* ViewController.swift in Sources */ = {isa = PBXBuildFile; fileRef = 567A017528E2EF8C00965B2E /* ViewController.swift */; };
		567A017928E2EF8C00965B2E /* Main.storyboard in Resources */ = {isa = PBXBuildFile; fileRef = 567A017728E2EF8C00965B2E /* Main.storyboard */; };
		567A017B28E2EF8C00965B2E /* Assets.xcassets in Resources */ = {isa = PBXBuildFile; fileRef = 567A017A28E2EF8C00965B2E /* Assets.xcassets */; };
		567A017E28E2EF8C00965B2E /* LaunchScreen.storyboard in Resources */ = {isa = PBXBuildFile; fileRef = 567A017C28E2EF8C00965B2E /* LaunchScreen.storyboard */; };
		567A018928E2EF8D00965B2E /* CXToolKitTests.swift in Sources */ = {isa = PBXBuildFile; fileRef = 567A018828E2EF8D00965B2E /* CXToolKitTests.swift */; };
		567A019328E2EF8D00965B2E /* CXToolKitUITests.swift in Sources */ = {isa = PBXBuildFile; fileRef = 567A019228E2EF8D00965B2E /* CXToolKitUITests.swift */; };
		567A019528E2EF8D00965B2E /* CXToolKitUITestsLaunchTests.swift in Sources */ = {isa = PBXBuildFile; fileRef = 567A019428E2EF8D00965B2E /* CXToolKitUITestsLaunchTests.swift */; };
		567A01AD28E43EC700965B2E /* RadioButtonCell.xib in Resources */ = {isa = PBXBuildFile; fileRef = 567A01A928E43EC700965B2E /* RadioButtonCell.xib */; };
		567A01AF28E43EC700965B2E /* RadioButtonView.swift in Sources */ = {isa = PBXBuildFile; fileRef = 567A01AB28E43EC700965B2E /* RadioButtonView.swift */; };
		567A01B028E43EC700965B2E /* RadioButtonCell.swift in Sources */ = {isa = PBXBuildFile; fileRef = 567A01AC28E43EC700965B2E /* RadioButtonCell.swift */; };
		56CB93502930B9420033E75E /* TitileTextField.xib in Resources */ = {isa = PBXBuildFile; fileRef = 56CB934E2930B9420033E75E /* TitileTextField.xib */; };
		56CB93512930B9420033E75E /* TitileTextField.swift in Sources */ = {isa = PBXBuildFile; fileRef = 56CB934F2930B9420033E75E /* TitileTextField.swift */; };
		56CB93542930BA2F0033E75E /* TextCollectionViewCell.swift in Sources */ = {isa = PBXBuildFile; fileRef = 56CB93522930BA2F0033E75E /* TextCollectionViewCell.swift */; };
		56CB93552930BA2F0033E75E /* TextCollectionViewCell.xib in Resources */ = {isa = PBXBuildFile; fileRef = 56CB93532930BA2F0033E75E /* TextCollectionViewCell.xib */; };
		56CB93592930BB120033E75E /* BuMessageInput.xib in Resources */ = {isa = PBXBuildFile; fileRef = 56CB93572930BB120033E75E /* BuMessageInput.xib */; };
		56CB935A2930BB120033E75E /* BuMessageInput.swift in Sources */ = {isa = PBXBuildFile; fileRef = 56CB93582930BB120033E75E /* BuMessageInput.swift */; };
		56F3F0AD290A548B001C3547 /* NSAttributedStringUtils.swift in Sources */ = {isa = PBXBuildFile; fileRef = 56F3F0AC290A548B001C3547 /* NSAttributedStringUtils.swift */; };
		56F3F0AF290A54DD001C3547 /* DateUtils.swift in Sources */ = {isa = PBXBuildFile; fileRef = 56F3F0AE290A54DD001C3547 /* DateUtils.swift */; };
		56F3F0B1290A5508001C3547 /* DoubleUtils.swift in Sources */ = {isa = PBXBuildFile; fileRef = 56F3F0B0290A5508001C3547 /* DoubleUtils.swift */; };
		56F3F0B3290A5574001C3547 /* StringUtils.swift in Sources */ = {isa = PBXBuildFile; fileRef = 56F3F0B2290A5574001C3547 /* StringUtils.swift */; };
		56F3F0B5290A5D90001C3547 /* ViewUtils.swift in Sources */ = {isa = PBXBuildFile; fileRef = 56F3F0B4290A5D90001C3547 /* ViewUtils.swift */; };
		56F3F0B7290A6A7F001C3547 /* UIScrollViewUtils.swift in Sources */ = {isa = PBXBuildFile; fileRef = 56F3F0B6290A6A7F001C3547 /* UIScrollViewUtils.swift */; };
		56F3F0B9290A6C08001C3547 /* UILabelUtils.swift in Sources */ = {isa = PBXBuildFile; fileRef = 56F3F0B8290A6C08001C3547 /* UILabelUtils.swift */; };
		56F3F0BD290A6E0A001C3547 /* BaseViewController.swift in Sources */ = {isa = PBXBuildFile; fileRef = 56F3F0BC290A6E0A001C3547 /* BaseViewController.swift */; };
		56F3F0C1290A6E84001C3547 /* UIViewControllerUtils.swift in Sources */ = {isa = PBXBuildFile; fileRef = 56F3F0C0290A6E84001C3547 /* UIViewControllerUtils.swift */; };
		56F3F0C3290A6FDE001C3547 /* AppAlertInputViewController.swift in Sources */ = {isa = PBXBuildFile; fileRef = 56F3F0C2290A6FDE001C3547 /* AppAlertInputViewController.swift */; };
		56F3F0C5290A73E7001C3547 /* AppAlertViewController.swift in Sources */ = {isa = PBXBuildFile; fileRef = 56F3F0C4290A73E7001C3547 /* AppAlertViewController.swift */; };
		56F3F0C7290A75BF001C3547 /* UIApplicationUtils.swift in Sources */ = {isa = PBXBuildFile; fileRef = 56F3F0C6290A75BF001C3547 /* UIApplicationUtils.swift */; };
		56F3F0C9290A75F6001C3547 /* NSLayoutConstraintUtils.swift in Sources */ = {isa = PBXBuildFile; fileRef = 56F3F0C8290A75F6001C3547 /* NSLayoutConstraintUtils.swift */; };
		56F3F0CC290A7B4A001C3547 /* AppMessageCenter.swift in Sources */ = {isa = PBXBuildFile; fileRef = 56F3F0CB290A7B4A001C3547 /* AppMessageCenter.swift */; };
		6AB27DC3B052100BEDF2506C /* Pods_CXToolKitTests.framework in Frameworks */ = {isa = PBXBuildFile; fileRef = E48403DB51AA408E97AE91AF /* Pods_CXToolKitTests.framework */; };
		C28CFC57209F2551AC27021A /* Pods_CXToolKit_CXToolKitUITests.framework in Frameworks */ = {isa = PBXBuildFile; fileRef = 40E36CBC55391E83EC6D5040 /* Pods_CXToolKit_CXToolKitUITests.framework */; };
/* End PBXBuildFile section */

/* Begin PBXContainerItemProxy section */
		567A018528E2EF8C00965B2E /* PBXContainerItemProxy */ = {
			isa = PBXContainerItemProxy;
			containerPortal = 567A016628E2EF8C00965B2E /* Project object */;
			proxyType = 1;
			remoteGlobalIDString = 567A016D28E2EF8C00965B2E;
			remoteInfo = CXToolKit;
		};
		567A018F28E2EF8D00965B2E /* PBXContainerItemProxy */ = {
			isa = PBXContainerItemProxy;
			containerPortal = 567A016628E2EF8C00965B2E /* Project object */;
			proxyType = 1;
			remoteGlobalIDString = 567A016D28E2EF8C00965B2E;
			remoteInfo = CXToolKit;
		};
/* End PBXContainerItemProxy section */

/* Begin PBXFileReference section */
		0CAFE2C9BAE6CE00A7A85997 /* Pods-CXToolKit-CXToolKitUITests.release.xcconfig */ = {isa = PBXFileReference; includeInIndex = 1; lastKnownFileType = text.xcconfig; name = "Pods-CXToolKit-CXToolKitUITests.release.xcconfig"; path = "Target Support Files/Pods-CXToolKit-CXToolKitUITests/Pods-CXToolKit-CXToolKitUITests.release.xcconfig"; sourceTree = "<group>"; };
		283BF0E30BEBFC6910C8A6DF /* Pods-CXToolKit.release.xcconfig */ = {isa = PBXFileReference; includeInIndex = 1; lastKnownFileType = text.xcconfig; name = "Pods-CXToolKit.release.xcconfig"; path = "Target Support Files/Pods-CXToolKit/Pods-CXToolKit.release.xcconfig"; sourceTree = "<group>"; };
		3643E6A0D6E2B042A41A4248 /* Pods-CXToolKitTests.release.xcconfig */ = {isa = PBXFileReference; includeInIndex = 1; lastKnownFileType = text.xcconfig; name = "Pods-CXToolKitTests.release.xcconfig"; path = "Target Support Files/Pods-CXToolKitTests/Pods-CXToolKitTests.release.xcconfig"; sourceTree = "<group>"; };
		40E36CBC55391E83EC6D5040 /* Pods_CXToolKit_CXToolKitUITests.framework */ = {isa = PBXFileReference; explicitFileType = wrapper.framework; includeInIndex = 0; path = Pods_CXToolKit_CXToolKitUITests.framework; sourceTree = BUILT_PRODUCTS_DIR; };
		4BC65CCF9239ADB7FCEFCF9B /* Pods-CXToolKit-CXToolKitUITests.debug.xcconfig */ = {isa = PBXFileReference; includeInIndex = 1; lastKnownFileType = text.xcconfig; name = "Pods-CXToolKit-CXToolKitUITests.debug.xcconfig"; path = "Target Support Files/Pods-CXToolKit-CXToolKitUITests/Pods-CXToolKit-CXToolKitUITests.debug.xcconfig"; sourceTree = "<group>"; };
		56159EBD2907E3AF0084275F /* UIColorUtils.swift */ = {isa = PBXFileReference; lastKnownFileType = sourcecode.swift; path = UIColorUtils.swift; sourceTree = "<group>"; };
		56161FCB28E6EA3B0053D759 /* UIImageUtils.swift */ = {isa = PBXFileReference; lastKnownFileType = sourcecode.swift; path = UIImageUtils.swift; sourceTree = "<group>"; };
		567A016E28E2EF8C00965B2E /* CXToolKit.app */ = {isa = PBXFileReference; explicitFileType = wrapper.application; includeInIndex = 0; path = CXToolKit.app; sourceTree = BUILT_PRODUCTS_DIR; };
		567A017128E2EF8C00965B2E /* AppDelegate.swift */ = {isa = PBXFileReference; lastKnownFileType = sourcecode.swift; path = AppDelegate.swift; sourceTree = "<group>"; };
		567A017328E2EF8C00965B2E /* SceneDelegate.swift */ = {isa = PBXFileReference; lastKnownFileType = sourcecode.swift; path = SceneDelegate.swift; sourceTree = "<group>"; };
		567A017528E2EF8C00965B2E /* ViewController.swift */ = {isa = PBXFileReference; lastKnownFileType = sourcecode.swift; path = ViewController.swift; sourceTree = "<group>"; };
		567A017828E2EF8C00965B2E /* Base */ = {isa = PBXFileReference; lastKnownFileType = file.storyboard; name = Base; path = Base.lproj/Main.storyboard; sourceTree = "<group>"; };
		567A017A28E2EF8C00965B2E /* Assets.xcassets */ = {isa = PBXFileReference; lastKnownFileType = folder.assetcatalog; path = Assets.xcassets; sourceTree = "<group>"; };
		567A017D28E2EF8C00965B2E /* Base */ = {isa = PBXFileReference; lastKnownFileType = file.storyboard; name = Base; path = Base.lproj/LaunchScreen.storyboard; sourceTree = "<group>"; };
		567A017F28E2EF8C00965B2E /* Info.plist */ = {isa = PBXFileReference; lastKnownFileType = text.plist.xml; path = Info.plist; sourceTree = "<group>"; };
		567A018428E2EF8C00965B2E /* CXToolKitTests.xctest */ = {isa = PBXFileReference; explicitFileType = wrapper.cfbundle; includeInIndex = 0; path = CXToolKitTests.xctest; sourceTree = BUILT_PRODUCTS_DIR; };
		567A018828E2EF8D00965B2E /* CXToolKitTests.swift */ = {isa = PBXFileReference; lastKnownFileType = sourcecode.swift; path = CXToolKitTests.swift; sourceTree = "<group>"; };
		567A018E28E2EF8D00965B2E /* CXToolKitUITests.xctest */ = {isa = PBXFileReference; explicitFileType = wrapper.cfbundle; includeInIndex = 0; path = CXToolKitUITests.xctest; sourceTree = BUILT_PRODUCTS_DIR; };
		567A019228E2EF8D00965B2E /* CXToolKitUITests.swift */ = {isa = PBXFileReference; lastKnownFileType = sourcecode.swift; path = CXToolKitUITests.swift; sourceTree = "<group>"; };
		567A019428E2EF8D00965B2E /* CXToolKitUITestsLaunchTests.swift */ = {isa = PBXFileReference; lastKnownFileType = sourcecode.swift; path = CXToolKitUITestsLaunchTests.swift; sourceTree = "<group>"; };
		567A01A928E43EC700965B2E /* RadioButtonCell.xib */ = {isa = PBXFileReference; fileEncoding = 4; lastKnownFileType = file.xib; path = RadioButtonCell.xib; sourceTree = "<group>"; };
		567A01AB28E43EC700965B2E /* RadioButtonView.swift */ = {isa = PBXFileReference; fileEncoding = 4; lastKnownFileType = sourcecode.swift; path = RadioButtonView.swift; sourceTree = "<group>"; };
		567A01AC28E43EC700965B2E /* RadioButtonCell.swift */ = {isa = PBXFileReference; fileEncoding = 4; lastKnownFileType = sourcecode.swift; path = RadioButtonCell.swift; sourceTree = "<group>"; };
		56CB934E2930B9420033E75E /* TitileTextField.xib */ = {isa = PBXFileReference; fileEncoding = 4; lastKnownFileType = file.xib; path = TitileTextField.xib; sourceTree = "<group>"; };
		56CB934F2930B9420033E75E /* TitileTextField.swift */ = {isa = PBXFileReference; fileEncoding = 4; lastKnownFileType = sourcecode.swift; path = TitileTextField.swift; sourceTree = "<group>"; };
		56CB93522930BA2F0033E75E /* TextCollectionViewCell.swift */ = {isa = PBXFileReference; fileEncoding = 4; lastKnownFileType = sourcecode.swift; path = TextCollectionViewCell.swift; sourceTree = "<group>"; };
		56CB93532930BA2F0033E75E /* TextCollectionViewCell.xib */ = {isa = PBXFileReference; fileEncoding = 4; lastKnownFileType = file.xib; path = TextCollectionViewCell.xib; sourceTree = "<group>"; };
		56CB93572930BB120033E75E /* BuMessageInput.xib */ = {isa = PBXFileReference; fileEncoding = 4; lastKnownFileType = file.xib; path = BuMessageInput.xib; sourceTree = "<group>"; };
		56CB93582930BB120033E75E /* BuMessageInput.swift */ = {isa = PBXFileReference; fileEncoding = 4; lastKnownFileType = sourcecode.swift; path = BuMessageInput.swift; sourceTree = "<group>"; };
		56F3F0AC290A548B001C3547 /* NSAttributedStringUtils.swift */ = {isa = PBXFileReference; lastKnownFileType = sourcecode.swift; path = NSAttributedStringUtils.swift; sourceTree = "<group>"; };
		56F3F0AE290A54DD001C3547 /* DateUtils.swift */ = {isa = PBXFileReference; lastKnownFileType = sourcecode.swift; path = DateUtils.swift; sourceTree = "<group>"; };
		56F3F0B0290A5508001C3547 /* DoubleUtils.swift */ = {isa = PBXFileReference; lastKnownFileType = sourcecode.swift; path = DoubleUtils.swift; sourceTree = "<group>"; };
		56F3F0B2290A5574001C3547 /* StringUtils.swift */ = {isa = PBXFileReference; lastKnownFileType = sourcecode.swift; path = StringUtils.swift; sourceTree = "<group>"; };
		56F3F0B4290A5D90001C3547 /* ViewUtils.swift */ = {isa = PBXFileReference; lastKnownFileType = sourcecode.swift; path = ViewUtils.swift; sourceTree = "<group>"; };
		56F3F0B6290A6A7F001C3547 /* UIScrollViewUtils.swift */ = {isa = PBXFileReference; lastKnownFileType = sourcecode.swift; path = UIScrollViewUtils.swift; sourceTree = "<group>"; };
		56F3F0B8290A6C08001C3547 /* UILabelUtils.swift */ = {isa = PBXFileReference; lastKnownFileType = sourcecode.swift; path = UILabelUtils.swift; sourceTree = "<group>"; };
		56F3F0BC290A6E0A001C3547 /* BaseViewController.swift */ = {isa = PBXFileReference; lastKnownFileType = sourcecode.swift; path = BaseViewController.swift; sourceTree = "<group>"; };
		56F3F0C0290A6E84001C3547 /* UIViewControllerUtils.swift */ = {isa = PBXFileReference; lastKnownFileType = sourcecode.swift; path = UIViewControllerUtils.swift; sourceTree = "<group>"; };
		56F3F0C2290A6FDE001C3547 /* AppAlertInputViewController.swift */ = {isa = PBXFileReference; lastKnownFileType = sourcecode.swift; path = AppAlertInputViewController.swift; sourceTree = "<group>"; };
		56F3F0C4290A73E7001C3547 /* AppAlertViewController.swift */ = {isa = PBXFileReference; lastKnownFileType = sourcecode.swift; path = AppAlertViewController.swift; sourceTree = "<group>"; };
		56F3F0C6290A75BF001C3547 /* UIApplicationUtils.swift */ = {isa = PBXFileReference; lastKnownFileType = sourcecode.swift; path = UIApplicationUtils.swift; sourceTree = "<group>"; };
		56F3F0C8290A75F6001C3547 /* NSLayoutConstraintUtils.swift */ = {isa = PBXFileReference; lastKnownFileType = sourcecode.swift; path = NSLayoutConstraintUtils.swift; sourceTree = "<group>"; };
		56F3F0CB290A7B4A001C3547 /* AppMessageCenter.swift */ = {isa = PBXFileReference; lastKnownFileType = sourcecode.swift; path = AppMessageCenter.swift; sourceTree = "<group>"; };
		669C56B4250B287EB5ECA8CA /* Pods_CXToolKit.framework */ = {isa = PBXFileReference; explicitFileType = wrapper.framework; includeInIndex = 0; path = Pods_CXToolKit.framework; sourceTree = BUILT_PRODUCTS_DIR; };
		9DE846A8819A3ABD47821EC0 /* Pods-CXToolKit.debug.xcconfig */ = {isa = PBXFileReference; includeInIndex = 1; lastKnownFileType = text.xcconfig; name = "Pods-CXToolKit.debug.xcconfig"; path = "Target Support Files/Pods-CXToolKit/Pods-CXToolKit.debug.xcconfig"; sourceTree = "<group>"; };
		CFC4DC7995E7B47E7B060EB7 /* Pods-CXToolKitTests.debug.xcconfig */ = {isa = PBXFileReference; includeInIndex = 1; lastKnownFileType = text.xcconfig; name = "Pods-CXToolKitTests.debug.xcconfig"; path = "Target Support Files/Pods-CXToolKitTests/Pods-CXToolKitTests.debug.xcconfig"; sourceTree = "<group>"; };
		E48403DB51AA408E97AE91AF /* Pods_CXToolKitTests.framework */ = {isa = PBXFileReference; explicitFileType = wrapper.framework; includeInIndex = 0; path = Pods_CXToolKitTests.framework; sourceTree = BUILT_PRODUCTS_DIR; };
/* End PBXFileReference section */

/* Begin PBXFrameworksBuildPhase section */
		567A016B28E2EF8C00965B2E /* Frameworks */ = {
			isa = PBXFrameworksBuildPhase;
			buildActionMask = 2147483647;
			files = (
				20A7DD54F1902A5E9B5D6879 /* Pods_CXToolKit.framework in Frameworks */,
			);
			runOnlyForDeploymentPostprocessing = 0;
		};
		567A018128E2EF8C00965B2E /* Frameworks */ = {
			isa = PBXFrameworksBuildPhase;
			buildActionMask = 2147483647;
			files = (
				6AB27DC3B052100BEDF2506C /* Pods_CXToolKitTests.framework in Frameworks */,
			);
			runOnlyForDeploymentPostprocessing = 0;
		};
		567A018B28E2EF8D00965B2E /* Frameworks */ = {
			isa = PBXFrameworksBuildPhase;
			buildActionMask = 2147483647;
			files = (
				C28CFC57209F2551AC27021A /* Pods_CXToolKit_CXToolKitUITests.framework in Frameworks */,
			);
			runOnlyForDeploymentPostprocessing = 0;
		};
/* End PBXFrameworksBuildPhase section */

/* Begin PBXGroup section */
		56161FC928E6E9AB0053D759 /* Utils */ = {
			isa = PBXGroup;
			children = (
				56F3F0BF290A6E58001C3547 /* Page */,
				56F3F0BE290A6E4E001C3547 /* View */,
				56159EBD2907E3AF0084275F /* UIColorUtils.swift */,
				56F3F0AC290A548B001C3547 /* NSAttributedStringUtils.swift */,
				56F3F0AE290A54DD001C3547 /* DateUtils.swift */,
				56F3F0B0290A5508001C3547 /* DoubleUtils.swift */,
				56F3F0B2290A5574001C3547 /* StringUtils.swift */,
				56F3F0C6290A75BF001C3547 /* UIApplicationUtils.swift */,
				56F3F0C8290A75F6001C3547 /* NSLayoutConstraintUtils.swift */,
			);
			path = Utils;
			sourceTree = "<group>";
		};
		567A016528E2EF8C00965B2E = {
			isa = PBXGroup;
			children = (
				567A017028E2EF8C00965B2E /* CXToolKit */,
				567A018728E2EF8D00965B2E /* CXToolKitTests */,
				567A019128E2EF8D00965B2E /* CXToolKitUITests */,
				567A016F28E2EF8C00965B2E /* Products */,
				882371F532EBAFA156EA2AD2 /* Pods */,
				6B3C434CCD1B07861B254F0E /* Frameworks */,
			);
			sourceTree = "<group>";
		};
		567A016F28E2EF8C00965B2E /* Products */ = {
			isa = PBXGroup;
			children = (
				567A016E28E2EF8C00965B2E /* CXToolKit.app */,
				567A018428E2EF8C00965B2E /* CXToolKitTests.xctest */,
				567A018E28E2EF8D00965B2E /* CXToolKitUITests.xctest */,
			);
			name = Products;
			sourceTree = "<group>";
		};
		567A017028E2EF8C00965B2E /* CXToolKit */ = {
			isa = PBXGroup;
			children = (
				56F3F0CA290A7B2A001C3547 /* Center */,
				56F3F0BA290A6DE7001C3547 /* Pages */,
				56161FC928E6E9AB0053D759 /* Utils */,
				567A01A328E43C5300965B2E /* Component */,
				567A017128E2EF8C00965B2E /* AppDelegate.swift */,
				567A017328E2EF8C00965B2E /* SceneDelegate.swift */,
				567A017528E2EF8C00965B2E /* ViewController.swift */,
				567A017728E2EF8C00965B2E /* Main.storyboard */,
				567A017A28E2EF8C00965B2E /* Assets.xcassets */,
				567A017C28E2EF8C00965B2E /* LaunchScreen.storyboard */,
				567A017F28E2EF8C00965B2E /* Info.plist */,
			);
			path = CXToolKit;
			sourceTree = "<group>";
		};
		567A018728E2EF8D00965B2E /* CXToolKitTests */ = {
			isa = PBXGroup;
			children = (
				567A018828E2EF8D00965B2E /* CXToolKitTests.swift */,
			);
			path = CXToolKitTests;
			sourceTree = "<group>";
		};
		567A019128E2EF8D00965B2E /* CXToolKitUITests */ = {
			isa = PBXGroup;
			children = (
				567A019228E2EF8D00965B2E /* CXToolKitUITests.swift */,
				567A019428E2EF8D00965B2E /* CXToolKitUITestsLaunchTests.swift */,
			);
			path = CXToolKitUITests;
			sourceTree = "<group>";
		};
		567A01A328E43C5300965B2E /* Component */ = {
			isa = PBXGroup;
			children = (
				56CB93562930BB120033E75E /* BuMessageInput */,
				56CB934D2930B9420033E75E /* TitileTextField */,
				56F3F0CD290BBF53001C3547 /* Alert */,
				567A01A828E43EC700965B2E /* RadioButtonView */,
			);
			path = Component;
			sourceTree = "<group>";
		};
		567A01A828E43EC700965B2E /* RadioButtonView */ = {
			isa = PBXGroup;
			children = (
				567A01A928E43EC700965B2E /* RadioButtonCell.xib */,
				567A01AB28E43EC700965B2E /* RadioButtonView.swift */,
				567A01AC28E43EC700965B2E /* RadioButtonCell.swift */,
			);
			path = RadioButtonView;
			sourceTree = "<group>";
		};
		56CB934D2930B9420033E75E /* TitileTextField */ = {
			isa = PBXGroup;
			children = (
				56CB93522930BA2F0033E75E /* TextCollectionViewCell.swift */,
				56CB93532930BA2F0033E75E /* TextCollectionViewCell.xib */,
				56CB934E2930B9420033E75E /* TitileTextField.xib */,
				56CB934F2930B9420033E75E /* TitileTextField.swift */,
			);
			path = TitileTextField;
			sourceTree = "<group>";
		};
		56CB93562930BB120033E75E /* BuMessageInput */ = {
			isa = PBXGroup;
			children = (
				56CB93572930BB120033E75E /* BuMessageInput.xib */,
				56CB93582930BB120033E75E /* BuMessageInput.swift */,
			);
			path = BuMessageInput;
			sourceTree = "<group>";
		};
		56F3F0BA290A6DE7001C3547 /* Pages */ = {
			isa = PBXGroup;
			children = (
				56F3F0BB290A6DF2001C3547 /* Base */,
			);
			path = Pages;
			sourceTree = "<group>";
		};
		56F3F0BB290A6DF2001C3547 /* Base */ = {
			isa = PBXGroup;
			children = (
				56F3F0BC290A6E0A001C3547 /* BaseViewController.swift */,
			);
			path = Base;
			sourceTree = "<group>";
		};
		56F3F0BE290A6E4E001C3547 /* View */ = {
			isa = PBXGroup;
			children = (
				56F3F0B8290A6C08001C3547 /* UILabelUtils.swift */,
				56F3F0B6290A6A7F001C3547 /* UIScrollViewUtils.swift */,
				56F3F0B4290A5D90001C3547 /* ViewUtils.swift */,
				56161FCB28E6EA3B0053D759 /* UIImageUtils.swift */,
			);
			path = View;
			sourceTree = "<group>";
		};
		56F3F0BF290A6E58001C3547 /* Page */ = {
			isa = PBXGroup;
			children = (
				56F3F0C0290A6E84001C3547 /* UIViewControllerUtils.swift */,
			);
			path = Page;
			sourceTree = "<group>";
		};
		56F3F0CA290A7B2A001C3547 /* Center */ = {
			isa = PBXGroup;
			children = (
				56F3F0CB290A7B4A001C3547 /* AppMessageCenter.swift */,
			);
			path = Center;
			sourceTree = "<group>";
		};
		56F3F0CD290BBF53001C3547 /* Alert */ = {
			isa = PBXGroup;
			children = (
				56F3F0C2290A6FDE001C3547 /* AppAlertInputViewController.swift */,
				56F3F0C4290A73E7001C3547 /* AppAlertViewController.swift */,
			);
			path = Alert;
			sourceTree = "<group>";
		};
		6B3C434CCD1B07861B254F0E /* Frameworks */ = {
			isa = PBXGroup;
			children = (
				669C56B4250B287EB5ECA8CA /* Pods_CXToolKit.framework */,
				40E36CBC55391E83EC6D5040 /* Pods_CXToolKit_CXToolKitUITests.framework */,
				E48403DB51AA408E97AE91AF /* Pods_CXToolKitTests.framework */,
			);
			name = Frameworks;
			sourceTree = "<group>";
		};
		882371F532EBAFA156EA2AD2 /* Pods */ = {
			isa = PBXGroup;
			children = (
				9DE846A8819A3ABD47821EC0 /* Pods-CXToolKit.debug.xcconfig */,
				283BF0E30BEBFC6910C8A6DF /* Pods-CXToolKit.release.xcconfig */,
				4BC65CCF9239ADB7FCEFCF9B /* Pods-CXToolKit-CXToolKitUITests.debug.xcconfig */,
				0CAFE2C9BAE6CE00A7A85997 /* Pods-CXToolKit-CXToolKitUITests.release.xcconfig */,
				CFC4DC7995E7B47E7B060EB7 /* Pods-CXToolKitTests.debug.xcconfig */,
				3643E6A0D6E2B042A41A4248 /* Pods-CXToolKitTests.release.xcconfig */,
			);
			path = Pods;
			sourceTree = "<group>";
		};
/* End PBXGroup section */

/* Begin PBXNativeTarget section */
		567A016D28E2EF8C00965B2E /* CXToolKit */ = {
			isa = PBXNativeTarget;
			buildConfigurationList = 567A019828E2EF8D00965B2E /* Build configuration list for PBXNativeTarget "CXToolKit" */;
			buildPhases = (
				39908BCF7E7702EDC0A02106 /* [CP] Check Pods Manifest.lock */,
				567A016A28E2EF8C00965B2E /* Sources */,
				567A016B28E2EF8C00965B2E /* Frameworks */,
				567A016C28E2EF8C00965B2E /* Resources */,
				EEAE39708A1264F3C58D9B16 /* [CP] Embed Pods Frameworks */,
			);
			buildRules = (
			);
			dependencies = (
			);
			name = CXToolKit;
			productName = CXToolKit;
			productReference = 567A016E28E2EF8C00965B2E /* CXToolKit.app */;
			productType = "com.apple.product-type.application";
		};
		567A018328E2EF8C00965B2E /* CXToolKitTests */ = {
			isa = PBXNativeTarget;
			buildConfigurationList = 567A019B28E2EF8D00965B2E /* Build configuration list for PBXNativeTarget "CXToolKitTests" */;
			buildPhases = (
				89CA6431BD44EC70DB2E26C1 /* [CP] Check Pods Manifest.lock */,
				567A018028E2EF8C00965B2E /* Sources */,
				567A018128E2EF8C00965B2E /* Frameworks */,
				567A018228E2EF8C00965B2E /* Resources */,
			);
			buildRules = (
			);
			dependencies = (
				567A018628E2EF8C00965B2E /* PBXTargetDependency */,
			);
			name = CXToolKitTests;
			productName = CXToolKitTests;
			productReference = 567A018428E2EF8C00965B2E /* CXToolKitTests.xctest */;
			productType = "com.apple.product-type.bundle.unit-test";
		};
		567A018D28E2EF8D00965B2E /* CXToolKitUITests */ = {
			isa = PBXNativeTarget;
			buildConfigurationList = 567A019E28E2EF8D00965B2E /* Build configuration list for PBXNativeTarget "CXToolKitUITests" */;
			buildPhases = (
				4937275C1AC27EFEF1DED61A /* [CP] Check Pods Manifest.lock */,
				567A018A28E2EF8D00965B2E /* Sources */,
				567A018B28E2EF8D00965B2E /* Frameworks */,
				567A018C28E2EF8D00965B2E /* Resources */,
				F1A565FF4FF8BE963634CD88 /* [CP] Embed Pods Frameworks */,
			);
			buildRules = (
			);
			dependencies = (
				567A019028E2EF8D00965B2E /* PBXTargetDependency */,
			);
			name = CXToolKitUITests;
			productName = CXToolKitUITests;
			productReference = 567A018E28E2EF8D00965B2E /* CXToolKitUITests.xctest */;
			productType = "com.apple.product-type.bundle.ui-testing";
		};
/* End PBXNativeTarget section */

/* Begin PBXProject section */
		567A016628E2EF8C00965B2E /* Project object */ = {
			isa = PBXProject;
			attributes = {
				BuildIndependentTargetsInParallel = 1;
				LastSwiftUpdateCheck = 1330;
				LastUpgradeCheck = 1330;
				TargetAttributes = {
					567A016D28E2EF8C00965B2E = {
						CreatedOnToolsVersion = 13.3.1;
					};
					567A018328E2EF8C00965B2E = {
						CreatedOnToolsVersion = 13.3.1;
						TestTargetID = 567A016D28E2EF8C00965B2E;
					};
					567A018D28E2EF8D00965B2E = {
						CreatedOnToolsVersion = 13.3.1;
						TestTargetID = 567A016D28E2EF8C00965B2E;
					};
				};
			};
			buildConfigurationList = 567A016928E2EF8C00965B2E /* Build configuration list for PBXProject "CXToolKit" */;
			compatibilityVersion = "Xcode 13.0";
			developmentRegion = en;
			hasScannedForEncodings = 0;
			knownRegions = (
				en,
				Base,
			);
			mainGroup = 567A016528E2EF8C00965B2E;
			productRefGroup = 567A016F28E2EF8C00965B2E /* Products */;
			projectDirPath = "";
			projectRoot = "";
			targets = (
				567A016D28E2EF8C00965B2E /* CXToolKit */,
				567A018328E2EF8C00965B2E /* CXToolKitTests */,
				567A018D28E2EF8D00965B2E /* CXToolKitUITests */,
			);
		};
/* End PBXProject section */

/* Begin PBXResourcesBuildPhase section */
		567A016C28E2EF8C00965B2E /* Resources */ = {
			isa = PBXResourcesBuildPhase;
			buildActionMask = 2147483647;
			files = (
				56CB93592930BB120033E75E /* BuMessageInput.xib in Resources */,
				567A017E28E2EF8C00965B2E /* LaunchScreen.storyboard in Resources */,
				567A017B28E2EF8C00965B2E /* Assets.xcassets in Resources */,
				56CB93502930B9420033E75E /* TitileTextField.xib in Resources */,
				56CB93552930BA2F0033E75E /* TextCollectionViewCell.xib in Resources */,
				567A017928E2EF8C00965B2E /* Main.storyboard in Resources */,
				567A01AD28E43EC700965B2E /* RadioButtonCell.xib in Resources */,
			);
			runOnlyForDeploymentPostprocessing = 0;
		};
		567A018228E2EF8C00965B2E /* Resources */ = {
			isa = PBXResourcesBuildPhase;
			buildActionMask = 2147483647;
			files = (
			);
			runOnlyForDeploymentPostprocessing = 0;
		};
		567A018C28E2EF8D00965B2E /* Resources */ = {
			isa = PBXResourcesBuildPhase;
			buildActionMask = 2147483647;
			files = (
			);
			runOnlyForDeploymentPostprocessing = 0;
		};
/* End PBXResourcesBuildPhase section */

/* Begin PBXShellScriptBuildPhase section */
		39908BCF7E7702EDC0A02106 /* [CP] Check Pods Manifest.lock */ = {
			isa = PBXShellScriptBuildPhase;
			buildActionMask = 2147483647;
			files = (
			);
			inputFileListPaths = (
			);
			inputPaths = (
				"${PODS_PODFILE_DIR_PATH}/Podfile.lock",
				"${PODS_ROOT}/Manifest.lock",
			);
			name = "[CP] Check Pods Manifest.lock";
			outputFileListPaths = (
			);
			outputPaths = (
				"$(DERIVED_FILE_DIR)/Pods-CXToolKit-checkManifestLockResult.txt",
			);
			runOnlyForDeploymentPostprocessing = 0;
			shellPath = /bin/sh;
			shellScript = "diff \"${PODS_PODFILE_DIR_PATH}/Podfile.lock\" \"${PODS_ROOT}/Manifest.lock\" > /dev/null\nif [ $? != 0 ] ; then\n    # print error to STDERR\n    echo \"error: The sandbox is not in sync with the Podfile.lock. Run 'pod install' or update your CocoaPods installation.\" >&2\n    exit 1\nfi\n# This output is used by Xcode 'outputs' to avoid re-running this script phase.\necho \"SUCCESS\" > \"${SCRIPT_OUTPUT_FILE_0}\"\n";
			showEnvVarsInLog = 0;
		};
		4937275C1AC27EFEF1DED61A /* [CP] Check Pods Manifest.lock */ = {
			isa = PBXShellScriptBuildPhase;
			buildActionMask = 2147483647;
			files = (
			);
			inputFileListPaths = (
			);
			inputPaths = (
				"${PODS_PODFILE_DIR_PATH}/Podfile.lock",
				"${PODS_ROOT}/Manifest.lock",
			);
			name = "[CP] Check Pods Manifest.lock";
			outputFileListPaths = (
			);
			outputPaths = (
				"$(DERIVED_FILE_DIR)/Pods-CXToolKit-CXToolKitUITests-checkManifestLockResult.txt",
			);
			runOnlyForDeploymentPostprocessing = 0;
			shellPath = /bin/sh;
			shellScript = "diff \"${PODS_PODFILE_DIR_PATH}/Podfile.lock\" \"${PODS_ROOT}/Manifest.lock\" > /dev/null\nif [ $? != 0 ] ; then\n    # print error to STDERR\n    echo \"error: The sandbox is not in sync with the Podfile.lock. Run 'pod install' or update your CocoaPods installation.\" >&2\n    exit 1\nfi\n# This output is used by Xcode 'outputs' to avoid re-running this script phase.\necho \"SUCCESS\" > \"${SCRIPT_OUTPUT_FILE_0}\"\n";
			showEnvVarsInLog = 0;
		};
		89CA6431BD44EC70DB2E26C1 /* [CP] Check Pods Manifest.lock */ = {
			isa = PBXShellScriptBuildPhase;
			buildActionMask = 2147483647;
			files = (
			);
			inputFileListPaths = (
			);
			inputPaths = (
				"${PODS_PODFILE_DIR_PATH}/Podfile.lock",
				"${PODS_ROOT}/Manifest.lock",
			);
			name = "[CP] Check Pods Manifest.lock";
			outputFileListPaths = (
			);
			outputPaths = (
				"$(DERIVED_FILE_DIR)/Pods-CXToolKitTests-checkManifestLockResult.txt",
			);
			runOnlyForDeploymentPostprocessing = 0;
			shellPath = /bin/sh;
			shellScript = "diff \"${PODS_PODFILE_DIR_PATH}/Podfile.lock\" \"${PODS_ROOT}/Manifest.lock\" > /dev/null\nif [ $? != 0 ] ; then\n    # print error to STDERR\n    echo \"error: The sandbox is not in sync with the Podfile.lock. Run 'pod install' or update your CocoaPods installation.\" >&2\n    exit 1\nfi\n# This output is used by Xcode 'outputs' to avoid re-running this script phase.\necho \"SUCCESS\" > \"${SCRIPT_OUTPUT_FILE_0}\"\n";
			showEnvVarsInLog = 0;
		};
		EEAE39708A1264F3C58D9B16 /* [CP] Embed Pods Frameworks */ = {
			isa = PBXShellScriptBuildPhase;
			buildActionMask = 2147483647;
			files = (
			);
			inputFileListPaths = (
				"${PODS_ROOT}/Target Support Files/Pods-CXToolKit/Pods-CXToolKit-frameworks-${CONFIGURATION}-input-files.xcfilelist",
			);
			name = "[CP] Embed Pods Frameworks";
			outputFileListPaths = (
				"${PODS_ROOT}/Target Support Files/Pods-CXToolKit/Pods-CXToolKit-frameworks-${CONFIGURATION}-output-files.xcfilelist",
			);
			runOnlyForDeploymentPostprocessing = 0;
			shellPath = /bin/sh;
			shellScript = "\"${PODS_ROOT}/Target Support Files/Pods-CXToolKit/Pods-CXToolKit-frameworks.sh\"\n";
			showEnvVarsInLog = 0;
		};
		F1A565FF4FF8BE963634CD88 /* [CP] Embed Pods Frameworks */ = {
			isa = PBXShellScriptBuildPhase;
			buildActionMask = 2147483647;
			files = (
			);
			inputFileListPaths = (
				"${PODS_ROOT}/Target Support Files/Pods-CXToolKit-CXToolKitUITests/Pods-CXToolKit-CXToolKitUITests-frameworks-${CONFIGURATION}-input-files.xcfilelist",
			);
			name = "[CP] Embed Pods Frameworks";
			outputFileListPaths = (
				"${PODS_ROOT}/Target Support Files/Pods-CXToolKit-CXToolKitUITests/Pods-CXToolKit-CXToolKitUITests-frameworks-${CONFIGURATION}-output-files.xcfilelist",
			);
			runOnlyForDeploymentPostprocessing = 0;
			shellPath = /bin/sh;
			shellScript = "\"${PODS_ROOT}/Target Support Files/Pods-CXToolKit-CXToolKitUITests/Pods-CXToolKit-CXToolKitUITests-frameworks.sh\"\n";
			showEnvVarsInLog = 0;
		};
/* End PBXShellScriptBuildPhase section */

/* Begin PBXSourcesBuildPhase section */
		567A016A28E2EF8C00965B2E /* Sources */ = {
			isa = PBXSourcesBuildPhase;
			buildActionMask = 2147483647;
			files = (
				56159EBE2907E3AF0084275F /* UIColorUtils.swift in Sources */,
				56F3F0AD290A548B001C3547 /* NSAttributedStringUtils.swift in Sources */,
				56F3F0B5290A5D90001C3547 /* ViewUtils.swift in Sources */,
				56CB935A2930BB120033E75E /* BuMessageInput.swift in Sources */,
				567A017628E2EF8C00965B2E /* ViewController.swift in Sources */,
				56F3F0C1290A6E84001C3547 /* UIViewControllerUtils.swift in Sources */,
				56F3F0B9290A6C08001C3547 /* UILabelUtils.swift in Sources */,
				56F3F0C3290A6FDE001C3547 /* AppAlertInputViewController.swift in Sources */,
				56F3F0C7290A75BF001C3547 /* UIApplicationUtils.swift in Sources */,
				56F3F0BD290A6E0A001C3547 /* BaseViewController.swift in Sources */,
				56F3F0C9290A75F6001C3547 /* NSLayoutConstraintUtils.swift in Sources */,
				567A017228E2EF8C00965B2E /* AppDelegate.swift in Sources */,
				56F3F0C5290A73E7001C3547 /* AppAlertViewController.swift in Sources */,
				56CB93512930B9420033E75E /* TitileTextField.swift in Sources */,
				56F3F0AF290A54DD001C3547 /* DateUtils.swift in Sources */,
				56F3F0B7290A6A7F001C3547 /* UIScrollViewUtils.swift in Sources */,
				567A01AF28E43EC700965B2E /* RadioButtonView.swift in Sources */,
				567A017428E2EF8C00965B2E /* SceneDelegate.swift in Sources */,
				567A01B028E43EC700965B2E /* RadioButtonCell.swift in Sources */,
				56F3F0B3290A5574001C3547 /* StringUtils.swift in Sources */,
				56CB93542930BA2F0033E75E /* TextCollectionViewCell.swift in Sources */,
				56F3F0B1290A5508001C3547 /* DoubleUtils.swift in Sources */,
				56F3F0CC290A7B4A001C3547 /* AppMessageCenter.swift in Sources */,
				56161FCC28E6EA3B0053D759 /* UIImageUtils.swift in Sources */,
			);
			runOnlyForDeploymentPostprocessing = 0;
		};
		567A018028E2EF8C00965B2E /* Sources */ = {
			isa = PBXSourcesBuildPhase;
			buildActionMask = 2147483647;
			files = (
				567A018928E2EF8D00965B2E /* CXToolKitTests.swift in Sources */,
			);
			runOnlyForDeploymentPostprocessing = 0;
		};
		567A018A28E2EF8D00965B2E /* Sources */ = {
			isa = PBXSourcesBuildPhase;
			buildActionMask = 2147483647;
			files = (
				567A019528E2EF8D00965B2E /* CXToolKitUITestsLaunchTests.swift in Sources */,
				567A019328E2EF8D00965B2E /* CXToolKitUITests.swift in Sources */,
			);
			runOnlyForDeploymentPostprocessing = 0;
		};
/* End PBXSourcesBuildPhase section */

/* Begin PBXTargetDependency section */
		567A018628E2EF8C00965B2E /* PBXTargetDependency */ = {
			isa = PBXTargetDependency;
			target = 567A016D28E2EF8C00965B2E /* CXToolKit */;
			targetProxy = 567A018528E2EF8C00965B2E /* PBXContainerItemProxy */;
		};
		567A019028E2EF8D00965B2E /* PBXTargetDependency */ = {
			isa = PBXTargetDependency;
			target = 567A016D28E2EF8C00965B2E /* CXToolKit */;
			targetProxy = 567A018F28E2EF8D00965B2E /* PBXContainerItemProxy */;
		};
/* End PBXTargetDependency section */

/* Begin PBXVariantGroup section */
		567A017728E2EF8C00965B2E /* Main.storyboard */ = {
			isa = PBXVariantGroup;
			children = (
				567A017828E2EF8C00965B2E /* Base */,
			);
			name = Main.storyboard;
			sourceTree = "<group>";
		};
		567A017C28E2EF8C00965B2E /* LaunchScreen.storyboard */ = {
			isa = PBXVariantGroup;
			children = (
				567A017D28E2EF8C00965B2E /* Base */,
			);
			name = LaunchScreen.storyboard;
			sourceTree = "<group>";
		};
/* End PBXVariantGroup section */

/* Begin XCBuildConfiguration section */
		567A019628E2EF8D00965B2E /* Debug */ = {
			isa = XCBuildConfiguration;
			buildSettings = {
				ALWAYS_SEARCH_USER_PATHS = NO;
				CLANG_ANALYZER_NONNULL = YES;
				CLANG_ANALYZER_NUMBER_OBJECT_CONVERSION = YES_AGGRESSIVE;
				CLANG_CXX_LANGUAGE_STANDARD = "gnu++17";
				CLANG_ENABLE_MODULES = YES;
				CLANG_ENABLE_OBJC_ARC = YES;
				CLANG_ENABLE_OBJC_WEAK = YES;
				CLANG_WARN_BLOCK_CAPTURE_AUTORELEASING = YES;
				CLANG_WARN_BOOL_CONVERSION = YES;
				CLANG_WARN_COMMA = YES;
				CLANG_WARN_CONSTANT_CONVERSION = YES;
				CLANG_WARN_DEPRECATED_OBJC_IMPLEMENTATIONS = YES;
				CLANG_WARN_DIRECT_OBJC_ISA_USAGE = YES_ERROR;
				CLANG_WARN_DOCUMENTATION_COMMENTS = YES;
				CLANG_WARN_EMPTY_BODY = YES;
				CLANG_WARN_ENUM_CONVERSION = YES;
				CLANG_WARN_INFINITE_RECURSION = YES;
				CLANG_WARN_INT_CONVERSION = YES;
				CLANG_WARN_NON_LITERAL_NULL_CONVERSION = YES;
				CLANG_WARN_OBJC_IMPLICIT_RETAIN_SELF = YES;
				CLANG_WARN_OBJC_LITERAL_CONVERSION = YES;
				CLANG_WARN_OBJC_ROOT_CLASS = YES_ERROR;
				CLANG_WARN_QUOTED_INCLUDE_IN_FRAMEWORK_HEADER = YES;
				CLANG_WARN_RANGE_LOOP_ANALYSIS = YES;
				CLANG_WARN_STRICT_PROTOTYPES = YES;
				CLANG_WARN_SUSPICIOUS_MOVE = YES;
				CLANG_WARN_UNGUARDED_AVAILABILITY = YES_AGGRESSIVE;
				CLANG_WARN_UNREACHABLE_CODE = YES;
				CLANG_WARN__DUPLICATE_METHOD_MATCH = YES;
				COPY_PHASE_STRIP = NO;
				DEBUG_INFORMATION_FORMAT = dwarf;
				ENABLE_STRICT_OBJC_MSGSEND = YES;
				ENABLE_TESTABILITY = YES;
				GCC_C_LANGUAGE_STANDARD = gnu11;
				GCC_DYNAMIC_NO_PIC = NO;
				GCC_NO_COMMON_BLOCKS = YES;
				GCC_OPTIMIZATION_LEVEL = 0;
				GCC_PREPROCESSOR_DEFINITIONS = (
					"DEBUG=1",
					"$(inherited)",
				);
				GCC_WARN_64_TO_32_BIT_CONVERSION = YES;
				GCC_WARN_ABOUT_RETURN_TYPE = YES_ERROR;
				GCC_WARN_UNDECLARED_SELECTOR = YES;
				GCC_WARN_UNINITIALIZED_AUTOS = YES_AGGRESSIVE;
				GCC_WARN_UNUSED_FUNCTION = YES;
				GCC_WARN_UNUSED_VARIABLE = YES;
				IPHONEOS_DEPLOYMENT_TARGET = 14.0;
				MTL_ENABLE_DEBUG_INFO = INCLUDE_SOURCE;
				MTL_FAST_MATH = YES;
				ONLY_ACTIVE_ARCH = YES;
				SDKROOT = iphoneos;
				SWIFT_ACTIVE_COMPILATION_CONDITIONS = DEBUG;
				SWIFT_OPTIMIZATION_LEVEL = "-Onone";
			};
			name = Debug;
		};
		567A019728E2EF8D00965B2E /* Release */ = {
			isa = XCBuildConfiguration;
			buildSettings = {
				ALWAYS_SEARCH_USER_PATHS = NO;
				CLANG_ANALYZER_NONNULL = YES;
				CLANG_ANALYZER_NUMBER_OBJECT_CONVERSION = YES_AGGRESSIVE;
				CLANG_CXX_LANGUAGE_STANDARD = "gnu++17";
				CLANG_ENABLE_MODULES = YES;
				CLANG_ENABLE_OBJC_ARC = YES;
				CLANG_ENABLE_OBJC_WEAK = YES;
				CLANG_WARN_BLOCK_CAPTURE_AUTORELEASING = YES;
				CLANG_WARN_BOOL_CONVERSION = YES;
				CLANG_WARN_COMMA = YES;
				CLANG_WARN_CONSTANT_CONVERSION = YES;
				CLANG_WARN_DEPRECATED_OBJC_IMPLEMENTATIONS = YES;
				CLANG_WARN_DIRECT_OBJC_ISA_USAGE = YES_ERROR;
				CLANG_WARN_DOCUMENTATION_COMMENTS = YES;
				CLANG_WARN_EMPTY_BODY = YES;
				CLANG_WARN_ENUM_CONVERSION = YES;
				CLANG_WARN_INFINITE_RECURSION = YES;
				CLANG_WARN_INT_CONVERSION = YES;
				CLANG_WARN_NON_LITERAL_NULL_CONVERSION = YES;
				CLANG_WARN_OBJC_IMPLICIT_RETAIN_SELF = YES;
				CLANG_WARN_OBJC_LITERAL_CONVERSION = YES;
				CLANG_WARN_OBJC_ROOT_CLASS = YES_ERROR;
				CLANG_WARN_QUOTED_INCLUDE_IN_FRAMEWORK_HEADER = YES;
				CLANG_WARN_RANGE_LOOP_ANALYSIS = YES;
				CLANG_WARN_STRICT_PROTOTYPES = YES;
				CLANG_WARN_SUSPICIOUS_MOVE = YES;
				CLANG_WARN_UNGUARDED_AVAILABILITY = YES_AGGRESSIVE;
				CLANG_WARN_UNREACHABLE_CODE = YES;
				CLANG_WARN__DUPLICATE_METHOD_MATCH = YES;
				COPY_PHASE_STRIP = NO;
				DEBUG_INFORMATION_FORMAT = "dwarf-with-dsym";
				ENABLE_NS_ASSERTIONS = NO;
				ENABLE_STRICT_OBJC_MSGSEND = YES;
				GCC_C_LANGUAGE_STANDARD = gnu11;
				GCC_NO_COMMON_BLOCKS = YES;
				GCC_WARN_64_TO_32_BIT_CONVERSION = YES;
				GCC_WARN_ABOUT_RETURN_TYPE = YES_ERROR;
				GCC_WARN_UNDECLARED_SELECTOR = YES;
				GCC_WARN_UNINITIALIZED_AUTOS = YES_AGGRESSIVE;
				GCC_WARN_UNUSED_FUNCTION = YES;
				GCC_WARN_UNUSED_VARIABLE = YES;
				IPHONEOS_DEPLOYMENT_TARGET = 14.0;
				MTL_ENABLE_DEBUG_INFO = NO;
				MTL_FAST_MATH = YES;
				SDKROOT = iphoneos;
				SWIFT_COMPILATION_MODE = wholemodule;
				SWIFT_OPTIMIZATION_LEVEL = "-O";
				VALIDATE_PRODUCT = YES;
			};
			name = Release;
		};
		567A019928E2EF8D00965B2E /* Debug */ = {
			isa = XCBuildConfiguration;
			baseConfigurationReference = 9DE846A8819A3ABD47821EC0 /* Pods-CXToolKit.debug.xcconfig */;
			buildSettings = {
				ASSETCATALOG_COMPILER_APPICON_NAME = AppIcon;
				ASSETCATALOG_COMPILER_GLOBAL_ACCENT_COLOR_NAME = AccentColor;
				CODE_SIGN_STYLE = Automatic;
				CURRENT_PROJECT_VERSION = 1;
				DEVELOPMENT_TEAM = 694M9G4H29;
				GENERATE_INFOPLIST_FILE = YES;
				INFOPLIST_FILE = CXToolKit/Info.plist;
				INFOPLIST_KEY_UIApplicationSupportsIndirectInputEvents = YES;
				INFOPLIST_KEY_UILaunchStoryboardName = LaunchScreen;
				INFOPLIST_KEY_UIMainStoryboardFile = Main;
				INFOPLIST_KEY_UISupportedInterfaceOrientations_iPad = "UIInterfaceOrientationPortrait UIInterfaceOrientationPortraitUpsideDown UIInterfaceOrientationLandscapeLeft UIInterfaceOrientationLandscapeRight";
				INFOPLIST_KEY_UISupportedInterfaceOrientations_iPhone = "UIInterfaceOrientationPortrait UIInterfaceOrientationLandscapeLeft UIInterfaceOrientationLandscapeRight";
				IPHONEOS_DEPLOYMENT_TARGET = 15.4;
				LD_RUNPATH_SEARCH_PATHS = (
					"$(inherited)",
					"@executable_path/Frameworks",
				);
				MARKETING_VERSION = 1.0;
				PRODUCT_BUNDLE_IDENTIFIER = chenxin.com.CXToolKit;
				PRODUCT_NAME = "$(TARGET_NAME)";
				SWIFT_EMIT_LOC_STRINGS = YES;
				SWIFT_VERSION = 5.0;
				TARGETED_DEVICE_FAMILY = "1,2";
			};
			name = Debug;
		};
		567A019A28E2EF8D00965B2E /* Release */ = {
			isa = XCBuildConfiguration;
			baseConfigurationReference = 283BF0E30BEBFC6910C8A6DF /* Pods-CXToolKit.release.xcconfig */;
			buildSettings = {
				ASSETCATALOG_COMPILER_APPICON_NAME = AppIcon;
				ASSETCATALOG_COMPILER_GLOBAL_ACCENT_COLOR_NAME = AccentColor;
				CODE_SIGN_STYLE = Automatic;
				CURRENT_PROJECT_VERSION = 1;
				DEVELOPMENT_TEAM = 694M9G4H29;
				GENERATE_INFOPLIST_FILE = YES;
				INFOPLIST_FILE = CXToolKit/Info.plist;
				INFOPLIST_KEY_UIApplicationSupportsIndirectInputEvents = YES;
				INFOPLIST_KEY_UILaunchStoryboardName = LaunchScreen;
				INFOPLIST_KEY_UIMainStoryboardFile = Main;
				INFOPLIST_KEY_UISupportedInterfaceOrientations_iPad = "UIInterfaceOrientationPortrait UIInterfaceOrientationPortraitUpsideDown UIInterfaceOrientationLandscapeLeft UIInterfaceOrientationLandscapeRight";
				INFOPLIST_KEY_UISupportedInterfaceOrientations_iPhone = "UIInterfaceOrientationPortrait UIInterfaceOrientationLandscapeLeft UIInterfaceOrientationLandscapeRight";
				IPHONEOS_DEPLOYMENT_TARGET = 15.4;
				LD_RUNPATH_SEARCH_PATHS = (
					"$(inherited)",
					"@executable_path/Frameworks",
				);
				MARKETING_VERSION = 1.0;
				PRODUCT_BUNDLE_IDENTIFIER = chenxin.com.CXToolKit;
				PRODUCT_NAME = "$(TARGET_NAME)";
				SWIFT_EMIT_LOC_STRINGS = YES;
				SWIFT_VERSION = 5.0;
				TARGETED_DEVICE_FAMILY = "1,2";
			};
			name = Release;
		};
		567A019C28E2EF8D00965B2E /* Debug */ = {
			isa = XCBuildConfiguration;
			baseConfigurationReference = CFC4DC7995E7B47E7B060EB7 /* Pods-CXToolKitTests.debug.xcconfig */;
			buildSettings = {
				ALWAYS_EMBED_SWIFT_STANDARD_LIBRARIES = YES;
				BUNDLE_LOADER = "$(TEST_HOST)";
				CODE_SIGN_STYLE = Automatic;
				CURRENT_PROJECT_VERSION = 1;
				DEVELOPMENT_TEAM = 694M9G4H29;
				GENERATE_INFOPLIST_FILE = YES;
				IPHONEOS_DEPLOYMENT_TARGET = 15.4;
				MARKETING_VERSION = 1.0;
				PRODUCT_BUNDLE_IDENTIFIER = chenxin.com.CXToolKitTests;
				PRODUCT_NAME = "$(TARGET_NAME)";
				SWIFT_EMIT_LOC_STRINGS = NO;
				SWIFT_VERSION = 5.0;
				TARGETED_DEVICE_FAMILY = "1,2";
				TEST_HOST = "$(BUILT_PRODUCTS_DIR)/CXToolKit.app/CXToolKit";
			};
			name = Debug;
		};
		567A019D28E2EF8D00965B2E /* Release */ = {
			isa = XCBuildConfiguration;
			baseConfigurationReference = 3643E6A0D6E2B042A41A4248 /* Pods-CXToolKitTests.release.xcconfig */;
			buildSettings = {
				ALWAYS_EMBED_SWIFT_STANDARD_LIBRARIES = YES;
				BUNDLE_LOADER = "$(TEST_HOST)";
				CODE_SIGN_STYLE = Automatic;
				CURRENT_PROJECT_VERSION = 1;
				DEVELOPMENT_TEAM = 694M9G4H29;
				GENERATE_INFOPLIST_FILE = YES;
				IPHONEOS_DEPLOYMENT_TARGET = 15.4;
				MARKETING_VERSION = 1.0;
				PRODUCT_BUNDLE_IDENTIFIER = chenxin.com.CXToolKitTests;
				PRODUCT_NAME = "$(TARGET_NAME)";
				SWIFT_EMIT_LOC_STRINGS = NO;
				SWIFT_VERSION = 5.0;
				TARGETED_DEVICE_FAMILY = "1,2";
				TEST_HOST = "$(BUILT_PRODUCTS_DIR)/CXToolKit.app/CXToolKit";
			};
			name = Release;
		};
		567A019F28E2EF8D00965B2E /* Debug */ = {
			isa = XCBuildConfiguration;
			baseConfigurationReference = 4BC65CCF9239ADB7FCEFCF9B /* Pods-CXToolKit-CXToolKitUITests.debug.xcconfig */;
			buildSettings = {
				ALWAYS_EMBED_SWIFT_STANDARD_LIBRARIES = YES;
				CODE_SIGN_STYLE = Automatic;
				CURRENT_PROJECT_VERSION = 1;
				DEVELOPMENT_TEAM = 694M9G4H29;
				GENERATE_INFOPLIST_FILE = YES;
				MARKETING_VERSION = 1.0;
				PRODUCT_BUNDLE_IDENTIFIER = chenxin.com.CXToolKitUITests;
				PRODUCT_NAME = "$(TARGET_NAME)";
				SWIFT_EMIT_LOC_STRINGS = NO;
				SWIFT_VERSION = 5.0;
				TARGETED_DEVICE_FAMILY = "1,2";
				TEST_TARGET_NAME = CXToolKit;
			};
			name = Debug;
		};
		567A01A028E2EF8D00965B2E /* Release */ = {
			isa = XCBuildConfiguration;
			baseConfigurationReference = 0CAFE2C9BAE6CE00A7A85997 /* Pods-CXToolKit-CXToolKitUITests.release.xcconfig */;
			buildSettings = {
				ALWAYS_EMBED_SWIFT_STANDARD_LIBRARIES = YES;
				CODE_SIGN_STYLE = Automatic;
				CURRENT_PROJECT_VERSION = 1;
				DEVELOPMENT_TEAM = 694M9G4H29;
				GENERATE_INFOPLIST_FILE = YES;
				MARKETING_VERSION = 1.0;
				PRODUCT_BUNDLE_IDENTIFIER = chenxin.com.CXToolKitUITests;
				PRODUCT_NAME = "$(TARGET_NAME)";
				SWIFT_EMIT_LOC_STRINGS = NO;
				SWIFT_VERSION = 5.0;
				TARGETED_DEVICE_FAMILY = "1,2";
				TEST_TARGET_NAME = CXToolKit;
			};
			name = Release;
		};
/* End XCBuildConfiguration section */

/* Begin XCConfigurationList section */
		567A016928E2EF8C00965B2E /* Build configuration list for PBXProject "CXToolKit" */ = {
			isa = XCConfigurationList;
			buildConfigurations = (
				567A019628E2EF8D00965B2E /* Debug */,
				567A019728E2EF8D00965B2E /* Release */,
			);
			defaultConfigurationIsVisible = 0;
			defaultConfigurationName = Release;
		};
		567A019828E2EF8D00965B2E /* Build configuration list for PBXNativeTarget "CXToolKit" */ = {
			isa = XCConfigurationList;
			buildConfigurations = (
				567A019928E2EF8D00965B2E /* Debug */,
				567A019A28E2EF8D00965B2E /* Release */,
			);
			defaultConfigurationIsVisible = 0;
			defaultConfigurationName = Release;
		};
		567A019B28E2EF8D00965B2E /* Build configuration list for PBXNativeTarget "CXToolKitTests" */ = {
			isa = XCConfigurationList;
			buildConfigurations = (
				567A019C28E2EF8D00965B2E /* Debug */,
				567A019D28E2EF8D00965B2E /* Release */,
			);
			defaultConfigurationIsVisible = 0;
			defaultConfigurationName = Release;
		};
		567A019E28E2EF8D00965B2E /* Build configuration list for PBXNativeTarget "CXToolKitUITests" */ = {
			isa = XCConfigurationList;
			buildConfigurations = (
				567A019F28E2EF8D00965B2E /* Debug */,
				567A01A028E2EF8D00965B2E /* Release */,
			);
			defaultConfigurationIsVisible = 0;
			defaultConfigurationName = Release;
		};
/* End XCConfigurationList section */
	};
	rootObject = 567A016628E2EF8C00965B2E /* Project object */;
}
